
Microsoft Visual Studio Solution File, Format Version 12.00
# Visual Studio 15
VisualStudioVersion = 15.0.28307.1300
MinimumVisualStudioVersion = 10.0.40219.1
Project("{FAE04EC0-301F-11D3-BF4B-00C04F79EFBC}") = "McDonaldAPP", "McDonaldAPP\McDonaldAPP.csproj", "{43014F22-4764-4B33-B687-67E25786D2FC}"
EndProject
Project("{FAE04EC0-301F-11D3-BF4B-00C04F79EFBC}") = "temp", "temp\temp.csproj", "{02A042CE-08EE-4F25-8263-F113A0AF5E81}"
EndProject
Project("{FAE04EC0-301F-11D3-BF4B-00C04F79EFBC}") = "McDonaldAPP_00", "McDonaldAPP_00\McDonaldAPP_00.csproj", "{69E98F79-0FC5-46A7-9FFB-44ADA76D3E28}"
EndProject
Global
	GlobalSection(SolutionConfigurationPlatforms) = preSolution
		Debug|Any CPU = Debug|Any CPU
		Release|Any CPU = Release|Any CPU
	EndGlobalSection
	GlobalSection(ProjectConfigurationPlatforms) = postSolution
		{43014F22-4764-4B33-B687-67E25786D2FC}.Debug|Any CPU.ActiveCfg = Debug|Any CPU
		{43014F22-4764-4B33-B687-67E25786D2FC}.Debug|Any CPU.Build.0 = Debug|Any CPU
		{43014F22-4764-4B33-B687-67E25786D2FC}.Release|Any CPU.ActiveCfg = Release|Any CPU
		{43014F22-4764-4B33-B687-67E25786D2FC}.Release|Any CPU.Build.0 = Release|Any CPU
		{02A042CE-08EE-4F25-8263-F113A0AF5E81}.Debug|Any CPU.ActiveCfg = Debug|Any CPU
		{02A042CE-08EE-4F25-8263-F113A0AF5E81}.Debug|Any CPU.Build.0 = Debug|Any CPU
		{02A042CE-08EE-4F25-8263-F113A0AF5E81}.Release|Any CPU.ActiveCfg = Release|Any CPU
		{02A042CE-08EE-4F25-8263-F113A0AF5E81}.Release|Any CPU.Build.0 = Release|Any CPU
		{69E98F79-0FC5-46A7-9FFB-44ADA76D3E28}.Debug|Any CPU.ActiveCfg = Debug|Any CPU
		{69E98F79-0FC5-46A7-9FFB-44ADA76D3E28}.Debug|Any CPU.Build.0 = Debug|Any CPU
		{69E98F79-0FC5-46A7-9FFB-44ADA76D3E28}.Release|Any CPU.ActiveCfg = Release|Any CPU
		{69E98F79-0FC5-46A7-9FFB-44ADA76D3E28}.Release|Any CPU.Build.0 = Release|Any CPU
	EndGlobalSection
	GlobalSection(SolutionProperties) = preSolution
		HideSolutionNode = FALSE
	EndGlobalSection
	GlobalSection(ExtensibilityGlobals) = postSolution
		SolutionGuid = {4D6194D6-51CE-4481-A7BE-FE36D8BFC162}
	EndGlobalSection
EndGlobal
